// !$*UTF8*$!
{
	archiveVersion = 1;
	classes = {
	};
	objectVersion = 51;
	objects = {

/* Begin PBXBuildFile section */
		6102C5F523C8D77F0084F094 /* DownloadImage.swift in Sources */ = {isa = PBXBuildFile; fileRef = 6102C5F423C8D77F0084F094 /* DownloadImage.swift */; };
		6104480323E73F490078E6B5 /* DetailedViewController.swift in Sources */ = {isa = PBXBuildFile; fileRef = 6104480223E73F490078E6B5 /* DetailedViewController.swift */; };
		61477B5B23C1E038008C8258 /* AppDelegate.swift in Sources */ = {isa = PBXBuildFile; fileRef = 61477B5A23C1E038008C8258 /* AppDelegate.swift */; };
		61477B5D23C1E038008C8258 /* SceneDelegate.swift in Sources */ = {isa = PBXBuildFile; fileRef = 61477B5C23C1E038008C8258 /* SceneDelegate.swift */; };
		61477B6423C1E057008C8258 /* Assets.xcassets in Resources */ = {isa = PBXBuildFile; fileRef = 61477B6323C1E057008C8258 /* Assets.xcassets */; };
		61477B6723C1E057008C8258 /* LaunchScreen.storyboard in Resources */ = {isa = PBXBuildFile; fileRef = 61477B6523C1E057008C8258 /* LaunchScreen.storyboard */; };
		61477B6F23C1E0B8008C8258 /* Main.storyboard in Resources */ = {isa = PBXBuildFile; fileRef = 61477B6E23C1E0B8008C8258 /* Main.storyboard */; };
		61477B7223C1E132008C8258 /* LinkLabel.swift in Sources */ = {isa = PBXBuildFile; fileRef = 61477B7023C1E132008C8258 /* LinkLabel.swift */; };
		61477B7323C1E132008C8258 /* RoundButton.swift in Sources */ = {isa = PBXBuildFile; fileRef = 61477B7123C1E132008C8258 /* RoundButton.swift */; };
		61477B7623C1E151008C8258 /* PexelsAPI.swift in Sources */ = {isa = PBXBuildFile; fileRef = 61477B7523C1E151008C8258 /* PexelsAPI.swift */; };
		61477B7823C1E171008C8258 /* PexelsResponse.swift in Sources */ = {isa = PBXBuildFile; fileRef = 61477B7723C1E171008C8258 /* PexelsResponse.swift */; };
		61477B8323C1E3EB008C8258 /* SearchPhotosViewController.swift in Sources */ = {isa = PBXBuildFile; fileRef = 61477B8023C1E3EB008C8258 /* SearchPhotosViewController.swift */; };
		6154230B243F698C00A06F31 /* EnterViewController.swift in Sources */ = {isa = PBXBuildFile; fileRef = 61542308243F697F00A06F31 /* EnterViewController.swift */; };
		6154230C243F698C00A06F31 /* SignUpViewController.swift in Sources */ = {isa = PBXBuildFile; fileRef = 61542309243F698A00A06F31 /* SignUpViewController.swift */; };
		6154230D243F698C00A06F31 /* LoginViewController.swift in Sources */ = {isa = PBXBuildFile; fileRef = 6154230A243F698C00A06F31 /* LoginViewController.swift */; };
		6154230F243F6B7700A06F31 /* GoogleService-Info.plist in Resources */ = {isa = PBXBuildFile; fileRef = 6154230E243F6B7700A06F31 /* GoogleService-Info.plist */; };
		6154231124406F7B00A06F31 /* Constants.swift in Sources */ = {isa = PBXBuildFile; fileRef = 6154231024406F7B00A06F31 /* Constants.swift */; };
		615423132448598800A06F31 /* FavoritesTableViewCell.swift in Sources */ = {isa = PBXBuildFile; fileRef = 615423122448598800A06F31 /* FavoritesTableViewCell.swift */; };
		61542319244DB45B00A06F31 /* Alert.swift in Sources */ = {isa = PBXBuildFile; fileRef = 61542318244DB45B00A06F31 /* Alert.swift */; };
		6154AACB247136FB00DB7D41 /* UserData.swift in Sources */ = {isa = PBXBuildFile; fileRef = 6154AACA247136FB00DB7D41 /* UserData.swift */; };
		617893AA243B262600B58C46 /* FavoritesTableViewController.swift in Sources */ = {isa = PBXBuildFile; fileRef = 617893A9243B262600B58C46 /* FavoritesTableViewController.swift */; };
		617893AC243B26DD00B58C46 /* WelcomeViewController.swift in Sources */ = {isa = PBXBuildFile; fileRef = 617893AB243B26DD00B58C46 /* WelcomeViewController.swift */; };
		618D4D1424224B3900B47939 /* Photo.swift in Sources */ = {isa = PBXBuildFile; fileRef = 618D4D1324224B3900B47939 /* Photo.swift */; };
		618D4D1624224BBA00B47939 /* Src.swift in Sources */ = {isa = PBXBuildFile; fileRef = 618D4D1524224BBA00B47939 /* Src.swift */; };
		61C5652723C60D2900CFFDF0 /* TableViewCell.swift in Sources */ = {isa = PBXBuildFile; fileRef = 61C5652623C60D2900CFFDF0 /* TableViewCell.swift */; };
		DCABDCFF5D7F873BE9127DC9 /* Pods_Pixel.framework in Frameworks */ = {isa = PBXBuildFile; fileRef = 2A4A17046E34981A4A37D859 /* Pods_Pixel.framework */; };
/* End PBXBuildFile section */

/* Begin PBXFileReference section */
		2A4A17046E34981A4A37D859 /* Pods_Pixel.framework */ = {isa = PBXFileReference; explicitFileType = wrapper.framework; includeInIndex = 0; path = Pods_Pixel.framework; sourceTree = BUILT_PRODUCTS_DIR; };
		497026C79B17B143AD0CEB60 /* Pods-Pixel.debug.xcconfig */ = {isa = PBXFileReference; includeInIndex = 1; lastKnownFileType = text.xcconfig; name = "Pods-Pixel.debug.xcconfig"; path = "Target Support Files/Pods-Pixel/Pods-Pixel.debug.xcconfig"; sourceTree = "<group>"; };
		6102C5F423C8D77F0084F094 /* DownloadImage.swift */ = {isa = PBXFileReference; lastKnownFileType = sourcecode.swift; path = DownloadImage.swift; sourceTree = "<group>"; };
		6104480223E73F490078E6B5 /* DetailedViewController.swift */ = {isa = PBXFileReference; lastKnownFileType = sourcecode.swift; path = DetailedViewController.swift; sourceTree = "<group>"; };
		61477B5723C1E038008C8258 /* Pixel.app */ = {isa = PBXFileReference; explicitFileType = wrapper.application; includeInIndex = 0; path = Pixel.app; sourceTree = BUILT_PRODUCTS_DIR; };
		61477B5A23C1E038008C8258 /* AppDelegate.swift */ = {isa = PBXFileReference; lastKnownFileType = sourcecode.swift; path = AppDelegate.swift; sourceTree = "<group>"; };
		61477B5C23C1E038008C8258 /* SceneDelegate.swift */ = {isa = PBXFileReference; lastKnownFileType = sourcecode.swift; path = SceneDelegate.swift; sourceTree = "<group>"; };
		61477B6323C1E057008C8258 /* Assets.xcassets */ = {isa = PBXFileReference; lastKnownFileType = folder.assetcatalog; path = Assets.xcassets; sourceTree = "<group>"; };
		61477B6623C1E057008C8258 /* Base */ = {isa = PBXFileReference; lastKnownFileType = file.storyboard; name = Base; path = Base.lproj/LaunchScreen.storyboard; sourceTree = "<group>"; };
		61477B6823C1E057008C8258 /* Info.plist */ = {isa = PBXFileReference; lastKnownFileType = text.plist.xml; path = Info.plist; sourceTree = "<group>"; };
		61477B6E23C1E0B8008C8258 /* Main.storyboard */ = {isa = PBXFileReference; fileEncoding = 4; lastKnownFileType = file.storyboard; path = Main.storyboard; sourceTree = "<group>"; };
		61477B7023C1E132008C8258 /* LinkLabel.swift */ = {isa = PBXFileReference; fileEncoding = 4; lastKnownFileType = sourcecode.swift; path = LinkLabel.swift; sourceTree = "<group>"; };
		61477B7123C1E132008C8258 /* RoundButton.swift */ = {isa = PBXFileReference; fileEncoding = 4; lastKnownFileType = sourcecode.swift; path = RoundButton.swift; sourceTree = "<group>"; };
		61477B7523C1E151008C8258 /* PexelsAPI.swift */ = {isa = PBXFileReference; fileEncoding = 4; lastKnownFileType = sourcecode.swift; path = PexelsAPI.swift; sourceTree = "<group>"; };
		61477B7723C1E171008C8258 /* PexelsResponse.swift */ = {isa = PBXFileReference; lastKnownFileType = sourcecode.swift; path = PexelsResponse.swift; sourceTree = "<group>"; };
		61477B8023C1E3EB008C8258 /* SearchPhotosViewController.swift */ = {isa = PBXFileReference; fileEncoding = 4; lastKnownFileType = sourcecode.swift; path = SearchPhotosViewController.swift; sourceTree = "<group>"; };
		61542308243F697F00A06F31 /* EnterViewController.swift */ = {isa = PBXFileReference; fileEncoding = 4; lastKnownFileType = sourcecode.swift; path = EnterViewController.swift; sourceTree = "<group>"; };
		61542309243F698A00A06F31 /* SignUpViewController.swift */ = {isa = PBXFileReference; fileEncoding = 4; lastKnownFileType = sourcecode.swift; path = SignUpViewController.swift; sourceTree = "<group>"; };
		6154230A243F698C00A06F31 /* LoginViewController.swift */ = {isa = PBXFileReference; fileEncoding = 4; lastKnownFileType = sourcecode.swift; path = LoginViewController.swift; sourceTree = "<group>"; };
		6154230E243F6B7700A06F31 /* GoogleService-Info.plist */ = {isa = PBXFileReference; fileEncoding = 4; lastKnownFileType = text.plist.xml; path = "GoogleService-Info.plist"; sourceTree = "<group>"; };
		6154231024406F7B00A06F31 /* Constants.swift */ = {isa = PBXFileReference; lastKnownFileType = sourcecode.swift; path = Constants.swift; sourceTree = "<group>"; };
		615423122448598800A06F31 /* FavoritesTableViewCell.swift */ = {isa = PBXFileReference; lastKnownFileType = sourcecode.swift; path = FavoritesTableViewCell.swift; sourceTree = "<group>"; };
		61542318244DB45B00A06F31 /* Alert.swift */ = {isa = PBXFileReference; lastKnownFileType = sourcecode.swift; path = Alert.swift; sourceTree = "<group>"; };
		6154AACA247136FB00DB7D41 /* UserData.swift */ = {isa = PBXFileReference; lastKnownFileType = sourcecode.swift; path = UserData.swift; sourceTree = "<group>"; };
		617893A9243B262600B58C46 /* FavoritesTableViewController.swift */ = {isa = PBXFileReference; lastKnownFileType = sourcecode.swift; path = FavoritesTableViewController.swift; sourceTree = "<group>"; };
		617893AB243B26DD00B58C46 /* WelcomeViewController.swift */ = {isa = PBXFileReference; lastKnownFileType = sourcecode.swift; path = WelcomeViewController.swift; sourceTree = "<group>"; };
		618D4D1324224B3900B47939 /* Photo.swift */ = {isa = PBXFileReference; lastKnownFileType = sourcecode.swift; path = Photo.swift; sourceTree = "<group>"; };
		618D4D1524224BBA00B47939 /* Src.swift */ = {isa = PBXFileReference; lastKnownFileType = sourcecode.swift; path = Src.swift; sourceTree = "<group>"; };
		61C5652623C60D2900CFFDF0 /* TableViewCell.swift */ = {isa = PBXFileReference; lastKnownFileType = sourcecode.swift; path = TableViewCell.swift; sourceTree = "<group>"; };
		68AF5A551F2A3864E49CB0ED /* Pods-Pixel.release.xcconfig */ = {isa = PBXFileReference; includeInIndex = 1; lastKnownFileType = text.xcconfig; name = "Pods-Pixel.release.xcconfig"; path = "Target Support Files/Pods-Pixel/Pods-Pixel.release.xcconfig"; sourceTree = "<group>"; };
		87C772D77DA0EEB40138EB48 /* Pods-Pixel.release.xcconfig */ = {isa = PBXFileReference; includeInIndex = 1; lastKnownFileType = text.xcconfig; name = "Pods-Pixel.release.xcconfig"; path = "Target Support Files/Pods-Pixel/Pods-Pixel.release.xcconfig"; sourceTree = "<group>"; };
		F8E93D1B4BBD90E4E9564514 /* Pods-Pixel.debug.xcconfig */ = {isa = PBXFileReference; includeInIndex = 1; lastKnownFileType = text.xcconfig; name = "Pods-Pixel.debug.xcconfig"; path = "Target Support Files/Pods-Pixel/Pods-Pixel.debug.xcconfig"; sourceTree = "<group>"; };
/* End PBXFileReference section */

/* Begin PBXFrameworksBuildPhase section */
		61477B5423C1E038008C8258 /* Frameworks */ = {
			isa = PBXFrameworksBuildPhase;
			buildActionMask = 2147483647;
			files = (
				DCABDCFF5D7F873BE9127DC9 /* Pods_Pixel.framework in Frameworks */,
			);
			runOnlyForDeploymentPostprocessing = 0;
		};
/* End PBXFrameworksBuildPhase section */

/* Begin PBXGroup section */
		188E376370312B8D2C15C2C4 /* Pods */ = {
			isa = PBXGroup;
			children = (
				497026C79B17B143AD0CEB60 /* Pods-Pixel.debug.xcconfig */,
				87C772D77DA0EEB40138EB48 /* Pods-Pixel.release.xcconfig */,
			);
			path = Pods;
			sourceTree = "<group>";
		};
		2890EB4E172015E1252AB097 /* Frameworks */ = {
			isa = PBXGroup;
			children = (
				E10D683DA5B7345406B171B3 /* Pods */,
				2A4A17046E34981A4A37D859 /* Pods_Pixel.framework */,
			);
			name = Frameworks;
			sourceTree = "<group>";
		};
		61477B4E23C1E038008C8258 = {
			isa = PBXGroup;
			children = (
				61477B5923C1E038008C8258 /* Pixel */,
				61477B5823C1E038008C8258 /* Products */,
				2890EB4E172015E1252AB097 /* Frameworks */,
				188E376370312B8D2C15C2C4 /* Pods */,
			);
			sourceTree = "<group>";
		};
		61477B5823C1E038008C8258 /* Products */ = {
			isa = PBXGroup;
			children = (
				61477B5723C1E038008C8258 /* Pixel.app */,
			);
			name = Products;
			sourceTree = "<group>";
		};
		61477B5923C1E038008C8258 /* Pixel */ = {
			isa = PBXGroup;
			children = (
				61477B5A23C1E038008C8258 /* AppDelegate.swift */,
				61477B5C23C1E038008C8258 /* SceneDelegate.swift */,
				61477B7C23C1E39D008C8258 /* Network */,
				61477B7B23C1E393008C8258 /* Model */,
				61477B7423C1E13D008C8258 /* View */,
				61477B8523C1E3F1008C8258 /* Controllers */,
				61477B6E23C1E0B8008C8258 /* Main.storyboard */,
				61477B6323C1E057008C8258 /* Assets.xcassets */,
				61477B6523C1E057008C8258 /* LaunchScreen.storyboard */,
				61477B6823C1E057008C8258 /* Info.plist */,
				6154230E243F6B7700A06F31 /* GoogleService-Info.plist */,
			);
			path = Pixel;
			sourceTree = "<group>";
		};
		61477B7423C1E13D008C8258 /* View */ = {
			isa = PBXGroup;
			children = (
				61477B7023C1E132008C8258 /* LinkLabel.swift */,
				61477B7123C1E132008C8258 /* RoundButton.swift */,
			);
			path = View;
			sourceTree = "<group>";
		};
		61477B7B23C1E393008C8258 /* Model */ = {
			isa = PBXGroup;
			children = (
				618D4D1324224B3900B47939 /* Photo.swift */,
				618D4D1524224BBA00B47939 /* Src.swift */,
				61477B7723C1E171008C8258 /* PexelsResponse.swift */,
				6154231024406F7B00A06F31 /* Constants.swift */,
				61542318244DB45B00A06F31 /* Alert.swift */,
				6154AACA247136FB00DB7D41 /* UserData.swift */,
			);
			path = Model;
			sourceTree = "<group>";
		};
		61477B7C23C1E39D008C8258 /* Network */ = {
			isa = PBXGroup;
			children = (
				61477B7523C1E151008C8258 /* PexelsAPI.swift */,
				6102C5F423C8D77F0084F094 /* DownloadImage.swift */,
			);
			path = Network;
			sourceTree = "<group>";
		};
		61477B8523C1E3F1008C8258 /* Controllers */ = {
			isa = PBXGroup;
			children = (
				61542308243F697F00A06F31 /* EnterViewController.swift */,
				61542309243F698A00A06F31 /* SignUpViewController.swift */,
				6154230A243F698C00A06F31 /* LoginViewController.swift */,
				617893AB243B26DD00B58C46 /* WelcomeViewController.swift */,
				61477B8023C1E3EB008C8258 /* SearchPhotosViewController.swift */,
				61C5652623C60D2900CFFDF0 /* TableViewCell.swift */,
				6104480223E73F490078E6B5 /* DetailedViewController.swift */,
				615423122448598800A06F31 /* FavoritesTableViewCell.swift */,
				617893A9243B262600B58C46 /* FavoritesTableViewController.swift */,
			);
			path = Controllers;
			sourceTree = "<group>";
		};
		E10D683DA5B7345406B171B3 /* Pods */ = {
			isa = PBXGroup;
			children = (
				F8E93D1B4BBD90E4E9564514 /* Pods-Pixel.debug.xcconfig */,
				68AF5A551F2A3864E49CB0ED /* Pods-Pixel.release.xcconfig */,
			);
			path = Pods;
			sourceTree = "<group>";
		};
/* End PBXGroup section */

/* Begin PBXNativeTarget section */
		61477B5623C1E038008C8258 /* Pixel */ = {
			isa = PBXNativeTarget;
			buildConfigurationList = 61477B6B23C1E057008C8258 /* Build configuration list for PBXNativeTarget "Pixel" */;
			buildPhases = (
				A8623FD78FCA339C48B88083 /* [CP] Check Pods Manifest.lock */,
				61477B5323C1E038008C8258 /* Sources */,
				61477B5423C1E038008C8258 /* Frameworks */,
				61477B5523C1E038008C8258 /* Resources */,
				F780DDB5198E2917FFCF0784 /* [CP] Embed Pods Frameworks */,
			);
			buildRules = (
			);
			dependencies = (
			);
			name = Pixel;
			productName = Pixel;
			productReference = 61477B5723C1E038008C8258 /* Pixel.app */;
			productType = "com.apple.product-type.application";
		};
/* End PBXNativeTarget section */

/* Begin PBXProject section */
		61477B4F23C1E038008C8258 /* Project object */ = {
			isa = PBXProject;
			attributes = {
				LastSwiftUpdateCheck = 1130;
				LastUpgradeCheck = 1130;
				ORGANIZATIONNAME = "Anna Zislina";
				TargetAttributes = {
					61477B5623C1E038008C8258 = {
						CreatedOnToolsVersion = 11.3;
					};
				};
			};
			buildConfigurationList = 61477B5223C1E038008C8258 /* Build configuration list for PBXProject "Pixel" */;
			compatibilityVersion = "Xcode 9.3";
			developmentRegion = en;
			hasScannedForEncodings = 0;
			knownRegions = (
				en,
				Base,
			);
			mainGroup = 61477B4E23C1E038008C8258;
			productRefGroup = 61477B5823C1E038008C8258 /* Products */;
			projectDirPath = "";
			projectRoot = "";
			targets = (
				61477B5623C1E038008C8258 /* Pixel */,
			);
		};
/* End PBXProject section */

/* Begin PBXResourcesBuildPhase section */
		61477B5523C1E038008C8258 /* Resources */ = {
			isa = PBXResourcesBuildPhase;
			buildActionMask = 2147483647;
			files = (
				61477B6F23C1E0B8008C8258 /* Main.storyboard in Resources */,
				6154230F243F6B7700A06F31 /* GoogleService-Info.plist in Resources */,
				61477B6723C1E057008C8258 /* LaunchScreen.storyboard in Resources */,
				61477B6423C1E057008C8258 /* Assets.xcassets in Resources */,
			);
			runOnlyForDeploymentPostprocessing = 0;
		};
/* End PBXResourcesBuildPhase section */

/* Begin PBXShellScriptBuildPhase section */
		A8623FD78FCA339C48B88083 /* [CP] Check Pods Manifest.lock */ = {
			isa = PBXShellScriptBuildPhase;
			buildActionMask = 2147483647;
			files = (
			);
			inputFileListPaths = (
			);
			inputPaths = (
				"${PODS_PODFILE_DIR_PATH}/Podfile.lock",
				"${PODS_ROOT}/Manifest.lock",
			);
			name = "[CP] Check Pods Manifest.lock";
			outputFileListPaths = (
			);
			outputPaths = (
				"$(DERIVED_FILE_DIR)/Pods-Pixel-checkManifestLockResult.txt",
			);
			runOnlyForDeploymentPostprocessing = 0;
			shellPath = /bin/sh;
			shellScript = "diff \"${PODS_PODFILE_DIR_PATH}/Podfile.lock\" \"${PODS_ROOT}/Manifest.lock\" > /dev/null\nif [ $? != 0 ] ; then\n    # print error to STDERR\n    echo \"error: The sandbox is not in sync with the Podfile.lock. Run 'pod install' or update your CocoaPods installation.\" >&2\n    exit 1\nfi\n# This output is used by Xcode 'outputs' to avoid re-running this script phase.\necho \"SUCCESS\" > \"${SCRIPT_OUTPUT_FILE_0}\"\n";
			showEnvVarsInLog = 0;
		};
		F780DDB5198E2917FFCF0784 /* [CP] Embed Pods Frameworks */ = {
			isa = PBXShellScriptBuildPhase;
			buildActionMask = 2147483647;
			files = (
			);
			inputFileListPaths = (
				"${PODS_ROOT}/Target Support Files/Pods-Pixel/Pods-Pixel-frameworks-${CONFIGURATION}-input-files.xcfilelist",
			);
			name = "[CP] Embed Pods Frameworks";
			outputFileListPaths = (
				"${PODS_ROOT}/Target Support Files/Pods-Pixel/Pods-Pixel-frameworks-${CONFIGURATION}-output-files.xcfilelist",
			);
			runOnlyForDeploymentPostprocessing = 0;
			shellPath = /bin/sh;
			shellScript = "\"${PODS_ROOT}/Target Support Files/Pods-Pixel/Pods-Pixel-frameworks.sh\"\n";
			showEnvVarsInLog = 0;
		};
/* End PBXShellScriptBuildPhase section */

/* Begin PBXSourcesBuildPhase section */
		61477B5323C1E038008C8258 /* Sources */ = {
			isa = PBXSourcesBuildPhase;
			buildActionMask = 2147483647;
			files = (
				6104480323E73F490078E6B5 /* DetailedViewController.swift in Sources */,
				615423132448598800A06F31 /* FavoritesTableViewCell.swift in Sources */,
				61C5652723C60D2900CFFDF0 /* TableViewCell.swift in Sources */,
				6102C5F523C8D77F0084F094 /* DownloadImage.swift in Sources */,
				61477B8323C1E3EB008C8258 /* SearchPhotosViewController.swift in Sources */,
				6154230D243F698C00A06F31 /* LoginViewController.swift in Sources */,
				61477B7223C1E132008C8258 /* LinkLabel.swift in Sources */,
				61477B7323C1E132008C8258 /* RoundButton.swift in Sources */,
				61542319244DB45B00A06F31 /* Alert.swift in Sources */,
				6154230C243F698C00A06F31 /* SignUpViewController.swift in Sources */,
				617893AC243B26DD00B58C46 /* WelcomeViewController.swift in Sources */,
				61477B7823C1E171008C8258 /* PexelsResponse.swift in Sources */,
				618D4D1424224B3900B47939 /* Photo.swift in Sources */,
				61477B7623C1E151008C8258 /* PexelsAPI.swift in Sources */,
				61477B5B23C1E038008C8258 /* AppDelegate.swift in Sources */,
				6154AACB247136FB00DB7D41 /* UserData.swift in Sources */,
				61477B5D23C1E038008C8258 /* SceneDelegate.swift in Sources */,
				618D4D1624224BBA00B47939 /* Src.swift in Sources */,
				6154231124406F7B00A06F31 /* Constants.swift in Sources */,
				617893AA243B262600B58C46 /* FavoritesTableViewController.swift in Sources */,
				6154230B243F698C00A06F31 /* EnterViewController.swift in Sources */,
			);
			runOnlyForDeploymentPostprocessing = 0;
		};
/* End PBXSourcesBuildPhase section */

/* Begin PBXVariantGroup section */
		61477B6523C1E057008C8258 /* LaunchScreen.storyboard */ = {
			isa = PBXVariantGroup;
			children = (
				61477B6623C1E057008C8258 /* Base */,
			);
			name = LaunchScreen.storyboard;
			sourceTree = "<group>";
		};
/* End PBXVariantGroup section */

/* Begin XCBuildConfiguration section */
		61477B6923C1E057008C8258 /* Debug */ = {
			isa = XCBuildConfiguration;
			buildSettings = {
				ALWAYS_SEARCH_USER_PATHS = NO;
				CLANG_ANALYZER_NONNULL = YES;
				CLANG_ANALYZER_NUMBER_OBJECT_CONVERSION = YES_AGGRESSIVE;
				CLANG_CXX_LANGUAGE_STANDARD = "gnu++14";
				CLANG_CXX_LIBRARY = "libc++";
				CLANG_ENABLE_MODULES = YES;
				CLANG_ENABLE_OBJC_ARC = YES;
				CLANG_ENABLE_OBJC_WEAK = YES;
				CLANG_WARN_BLOCK_CAPTURE_AUTORELEASING = YES;
				CLANG_WARN_BOOL_CONVERSION = YES;
				CLANG_WARN_COMMA = YES;
				CLANG_WARN_CONSTANT_CONVERSION = YES;
				CLANG_WARN_DEPRECATED_OBJC_IMPLEMENTATIONS = YES;
				CLANG_WARN_DIRECT_OBJC_ISA_USAGE = YES_ERROR;
				CLANG_WARN_DOCUMENTATION_COMMENTS = YES;
				CLANG_WARN_EMPTY_BODY = YES;
				CLANG_WARN_ENUM_CONVERSION = YES;
				CLANG_WARN_INFINITE_RECURSION = YES;
				CLANG_WARN_INT_CONVERSION = YES;
				CLANG_WARN_NON_LITERAL_NULL_CONVERSION = YES;
				CLANG_WARN_OBJC_IMPLICIT_RETAIN_SELF = YES;
				CLANG_WARN_OBJC_LITERAL_CONVERSION = YES;
				CLANG_WARN_OBJC_ROOT_CLASS = YES_ERROR;
				CLANG_WARN_RANGE_LOOP_ANALYSIS = YES;
				CLANG_WARN_STRICT_PROTOTYPES = YES;
				CLANG_WARN_SUSPICIOUS_MOVE = YES;
				CLANG_WARN_UNGUARDED_AVAILABILITY = YES_AGGRESSIVE;
				CLANG_WARN_UNREACHABLE_CODE = YES;
				CLANG_WARN__DUPLICATE_METHOD_MATCH = YES;
				COPY_PHASE_STRIP = NO;
				DEBUG_INFORMATION_FORMAT = dwarf;
				ENABLE_STRICT_OBJC_MSGSEND = YES;
				ENABLE_TESTABILITY = YES;
				GCC_C_LANGUAGE_STANDARD = gnu11;
				GCC_DYNAMIC_NO_PIC = NO;
				GCC_NO_COMMON_BLOCKS = YES;
				GCC_OPTIMIZATION_LEVEL = 0;
				GCC_PREPROCESSOR_DEFINITIONS = (
					"DEBUG=1",
					"$(inherited)",
				);
				GCC_WARN_64_TO_32_BIT_CONVERSION = YES;
				GCC_WARN_ABOUT_RETURN_TYPE = YES_ERROR;
				GCC_WARN_UNDECLARED_SELECTOR = YES;
				GCC_WARN_UNINITIALIZED_AUTOS = YES_AGGRESSIVE;
				GCC_WARN_UNUSED_FUNCTION = YES;
				GCC_WARN_UNUSED_VARIABLE = YES;
				IPHONEOS_DEPLOYMENT_TARGET = 13.2;
				MTL_ENABLE_DEBUG_INFO = INCLUDE_SOURCE;
				MTL_FAST_MATH = YES;
				ONLY_ACTIVE_ARCH = YES;
				SDKROOT = iphoneos;
				SWIFT_ACTIVE_COMPILATION_CONDITIONS = DEBUG;
				SWIFT_OPTIMIZATION_LEVEL = "-Onone";
			};
			name = Debug;
		};
		61477B6A23C1E057008C8258 /* Release */ = {
			isa = XCBuildConfiguration;
			buildSettings = {
				ALWAYS_SEARCH_USER_PATHS = NO;
				CLANG_ANALYZER_NONNULL = YES;
				CLANG_ANALYZER_NUMBER_OBJECT_CONVERSION = YES_AGGRESSIVE;
				CLANG_CXX_LANGUAGE_STANDARD = "gnu++14";
				CLANG_CXX_LIBRARY = "libc++";
				CLANG_ENABLE_MODULES = YES;
				CLANG_ENABLE_OBJC_ARC = YES;
				CLANG_ENABLE_OBJC_WEAK = YES;
				CLANG_WARN_BLOCK_CAPTURE_AUTORELEASING = YES;
				CLANG_WARN_BOOL_CONVERSION = YES;
				CLANG_WARN_COMMA = YES;
				CLANG_WARN_CONSTANT_CONVERSION = YES;
				CLANG_WARN_DEPRECATED_OBJC_IMPLEMENTATIONS = YES;
				CLANG_WARN_DIRECT_OBJC_ISA_USAGE = YES_ERROR;
				CLANG_WARN_DOCUMENTATION_COMMENTS = YES;
				CLANG_WARN_EMPTY_BODY = YES;
				CLANG_WARN_ENUM_CONVERSION = YES;
				CLANG_WARN_INFINITE_RECURSION = YES;
				CLANG_WARN_INT_CONVERSION = YES;
				CLANG_WARN_NON_LITERAL_NULL_CONVERSION = YES;
				CLANG_WARN_OBJC_IMPLICIT_RETAIN_SELF = YES;
				CLANG_WARN_OBJC_LITERAL_CONVERSION = YES;
				CLANG_WARN_OBJC_ROOT_CLASS = YES_ERROR;
				CLANG_WARN_RANGE_LOOP_ANALYSIS = YES;
				CLANG_WARN_STRICT_PROTOTYPES = YES;
				CLANG_WARN_SUSPICIOUS_MOVE = YES;
				CLANG_WARN_UNGUARDED_AVAILABILITY = YES_AGGRESSIVE;
				CLANG_WARN_UNREACHABLE_CODE = YES;
				CLANG_WARN__DUPLICATE_METHOD_MATCH = YES;
				COPY_PHASE_STRIP = NO;
				DEBUG_INFORMATION_FORMAT = "dwarf-with-dsym";
				ENABLE_NS_ASSERTIONS = NO;
				ENABLE_STRICT_OBJC_MSGSEND = YES;
				GCC_C_LANGUAGE_STANDARD = gnu11;
				GCC_NO_COMMON_BLOCKS = YES;
				GCC_WARN_64_TO_32_BIT_CONVERSION = YES;
				GCC_WARN_ABOUT_RETURN_TYPE = YES_ERROR;
				GCC_WARN_UNDECLARED_SELECTOR = YES;
				GCC_WARN_UNINITIALIZED_AUTOS = YES_AGGRESSIVE;
				GCC_WARN_UNUSED_FUNCTION = YES;
				GCC_WARN_UNUSED_VARIABLE = YES;
				IPHONEOS_DEPLOYMENT_TARGET = 13.2;
				MTL_ENABLE_DEBUG_INFO = NO;
				MTL_FAST_MATH = YES;
				SDKROOT = iphoneos;
				SWIFT_COMPILATION_MODE = wholemodule;
				SWIFT_OPTIMIZATION_LEVEL = "-O";
				VALIDATE_PRODUCT = YES;
			};
			name = Release;
		};
		61477B6C23C1E057008C8258 /* Debug */ = {
			isa = XCBuildConfiguration;
			baseConfigurationReference = F8E93D1B4BBD90E4E9564514 /* Pods-Pixel.debug.xcconfig */;
			buildSettings = {
				ASSETCATALOG_COMPILER_APPICON_NAME = AppIcon;
				CODE_SIGN_STYLE = Automatic;
				DEVELOPMENT_TEAM = BHZFYDZ5LS;
				INFOPLIST_FILE = Pixel/Info.plist;
				LD_RUNPATH_SEARCH_PATHS = (
					"$(inherited)",
					"@executable_path/Frameworks",
				);
				PRODUCT_BUNDLE_IDENTIFIER = AZ.Pixel;
				PRODUCT_NAME = "$(TARGET_NAME)";
				SWIFT_VERSION = 5.0;
				TARGETED_DEVICE_FAMILY = "1,2";
			};
			name = Debug;
		};
		61477B6D23C1E057008C8258 /* Release */ = {
			isa = XCBuildConfiguration;
			baseConfigurationReference = 68AF5A551F2A3864E49CB0ED /* Pods-Pixel.release.xcconfig */;
			buildSettings = {
				ASSETCATALOG_COMPILER_APPICON_NAME = AppIcon;
				CODE_SIGN_STYLE = Automatic;
				DEVELOPMENT_TEAM = BHZFYDZ5LS;
				INFOPLIST_FILE = Pixel/Info.plist;
				LD_RUNPATH_SEARCH_PATHS = (
					"$(inherited)",
					"@executable_path/Frameworks",
				);
				PRODUCT_BUNDLE_IDENTIFIER = AZ.Pixel;
				PRODUCT_NAME = "$(TARGET_NAME)";
				SWIFT_VERSION = 5.0;
				TARGETED_DEVICE_FAMILY = "1,2";
			};
			name = Release;
		};
/* End XCBuildConfiguration section */

/* Begin XCConfigurationList section */
		61477B5223C1E038008C8258 /* Build configuration list for PBXProject "Pixel" */ = {
			isa = XCConfigurationList;
			buildConfigurations = (
				61477B6923C1E057008C8258 /* Debug */,
				61477B6A23C1E057008C8258 /* Release */,
			);
			defaultConfigurationIsVisible = 0;
			defaultConfigurationName = Release;
		};
		61477B6B23C1E057008C8258 /* Build configuration list for PBXNativeTarget "Pixel" */ = {
			isa = XCConfigurationList;
			buildConfigurations = (
				61477B6C23C1E057008C8258 /* Debug */,
				61477B6D23C1E057008C8258 /* Release */,
			);
			defaultConfigurationIsVisible = 0;
			defaultConfigurationName = Release;
		};
/* End XCConfigurationList section */
	};
	rootObject = 61477B4F23C1E038008C8258 /* Project object */;
}
